
Microsoft Visual Studio Solution File, Format Version 12.00
# Visual Studio 2012
Project("{F184B08F-C81C-45F6-A57F-5ABD9991F28F}") = "Nvis 3002C", "Nvis 3002C.vbproj", "{84B1DF39-266C-4EF2-B2DD-E9EEACAA1D76}"
EndProject
Global
	GlobalSection(SolutionConfigurationPlatforms) = preSolution
		Debug|x86 = Debug|x86
		Release|x86 = Release|x86
	EndGlobalSection
	GlobalSection(ProjectConfigurationPlatforms) = postSolution
		{84B1DF39-266C-4EF2-B2DD-E9EEACAA1D76}.Debug|x86.ActiveCfg = Debug|x86
		{84B1DF39-266C-4EF2-B2DD-E9EEACAA1D76}.Debug|x86.Build.0 = Debug|x86
		{84B1DF39-266C-4EF2-B2DD-E9EEACAA1D76}.Release|x86.ActiveCfg = Release|x86
		{84B1DF39-266C-4EF2-B2DD-E9EEACAA1D76}.Release|x86.Build.0 = Release|x86
	EndGlobalSection
	GlobalSection(SolutionProperties) = preSolution
		HideSolutionNode = FALSE
	EndGlobalSection
EndGlobal
